lockfileVersion: '9.0'

settings:
  autoInstallPeers: true
  excludeLinksFromLockfile: false

overrides:
  ws: 8.20.1

importers:

  .:
    dependencies:
      '@tetherto/wdk':
        specifier: 1.0.0-beta.9
        version: 1.0.0-beta.9(bare-tcp@2.2.13(bare-abort-controller@1.1.2)(bare-buffer@3.6.0))
      '@tetherto/wdk-wallet-evm':
        specifier: 1.0.0-beta.12
        version: 1.0.0-beta.12(bare-abort-controller@1.1.2)(bare-buffer@3.6.0)(bare-events@2.8.3(bare-abort-controller@1.1.2))(bare-tcp@2.2.13(bare-abort-controller@1.1.2)(bare-buffer@3.6.0))(bare-url@2.4.3)

packages:

  '@adraffy/ens-normalize@1.10.1':
    resolution: {integrity: sha512-96Z2IP3mYmF1Xg2cDm8f1gWGf/HUVedQ3FMifV4kG/PQ4yEP51xDtRAEfhVNt5f/uzpNkZHwWQuUcu6D6K+Ekw==}

  '@noble/curves@1.2.0':
    resolution: {integrity: sha512-oYclrNgRaM9SsBUBVbb8M6DTV7ZHRTKugureoYEncY5c65HOmRzvSiTE3y5CYaPYJA/GVkrhXEoF0M3Ya9PMnw==}

  '@noble/curves@1.9.2':
    resolution: {integrity: sha512-HxngEd2XUcg9xi20JkwlLCtYwfoFw4JGkuZpT+WlsPD4gB/cxkvTD8fSsoAnphGZhFdZYKeQIPCuFlWPm1uE0g==}
    engines: {node: ^14.21.3 || >=16}

  '@noble/hashes@1.3.2':
    resolution: {integrity: sha512-MVC8EAQp7MvEcm30KWENFjgR+Mkmf+D189XJTkFIlwohU5hcBbn1ZkKq7KVTi2Hme3PMGF390DaL52beVrIihQ==}
    engines: {node: '>= 16'}

  '@noble/hashes@1.8.0':
    resolution: {integrity: sha512-jCs9ldd7NwzpgXDIf6P3+NrHh9/sD6CQdxHyjQI+h/6rDNo88ypBxxz45UDuZHz9r3tNz7N/VInSVoVdtXEI4A==}
    engines: {node: ^14.21.3 || >=16}

  '@noble/secp256k1@2.2.3':
    resolution: {integrity: sha512-l7r5oEQym9Us7EAigzg30/PQAvynhMt2uoYtT3t26eGDVm9Yii5mZ5jWSWmZ/oSIR2Et0xfc6DXrG0bZ787V3w==}

  '@tetherto/wdk-failover-provider@1.0.0-beta.2':
    resolution: {integrity: sha512-G1KNpw11Hql7Q6Xy5oqO+8P+AkJi4QBTK4JZtZvcXmx8ze+d/lzSQSufWLE/k5YAvwJ+xDx7mRzy/teG4zaiOw==}

  '@tetherto/wdk-wallet-evm@1.0.0-beta.12':
    resolution: {integrity: sha512-y101FMTrj9Ys67d80RE9La8B2RAd2jckD5+d50c/Wa8tCNa0uUsTf7YIjVssvfmYFrXUL8uq4vMA0fcJwNFIoQ==}

  '@tetherto/wdk-wallet@1.0.0-beta.8':
    resolution: {integrity: sha512-eCOpPbgRrwVuB7mJS1zGVVN47n/pvX5gLRG+WERH0NmpcIS8OHxa4DYuTJ9P1qEZYRvYl4XOSrhfizC/foonDQ==}

  '@tetherto/wdk@1.0.0-beta.9':
    resolution: {integrity: sha512-cnspICVmYHAMgQJvaQsoAXD0JJe5iYLUmyWuL/iN415cq5lA64f03f+sPHfCUBIMQq3qzqNo7r29WEDcGaDYCw==}

  '@types/node@22.7.5':
    resolution: {integrity: sha512-jML7s2NAzMWc//QSJ1a3prpk78cOPchGvXJsC3C6R6PSMoooztvRVQEz89gmBTBY1SPMaqo5teB4uNHPdetShQ==}

  aes-js@4.0.0-beta.5:
    resolution: {integrity: sha512-G965FqalsNyrPqgEGON7nIx1e/OVENSgiEIzyC63haUMuvNnwIgIjMs52hlTCKhkBny7A2ORNlfY9Zu+jmGk1Q==}

  b4a@1.8.1:
    resolution: {integrity: sha512-aiqre1Nr0B/6DgE2N5vwTc+2/oQZ4Wh1t4NznYY4E00y8LCt6NqdRv81so00oo27D8MVKTpUa/MwUUtBLXCoDw==}
    peerDependencies:
      react-native-b4a: '*'
    peerDependenciesMeta:
      react-native-b4a:
        optional: true

  bare-abort-controller@1.1.2:
    resolution: {integrity: sha512-wk+JZGZEjm7RqaBAU1KuT8TxYYz7h/xxC7+4IVuDZFqK4dGqwrJ/1/yR8hNiSyaAAVHTTFNBJPH4Rzu+rI3IAg==}

  bare-abort@2.0.13:
    resolution: {integrity: sha512-zdc8l88eB11Jsz5rDd6sCAgv2kUFXgdrZWoMlgU6JMkfAi1/uuGFC3IEHswKbIRQTk5H3T5CMuechsXYxiaHlQ==}

  bare-addon-resolve@1.10.0:
    resolution: {integrity: sha512-sSd0jieRJlDaODOzj0oe0RjFVC1QI0ZIjGIdPkbrTXsdVVtENg14c+lHHAhHwmWCZ2nQlMhy8jA3Y5LYPc/isA==}
    peerDependencies:
      bare-url: '*'
    peerDependenciesMeta:
      bare-url:
        optional: true

  bare-ansi-escapes@2.2.3:
    resolution: {integrity: sha512-02ES4/E2RbrtZSnHJ9LntBhYkLA6lPpSEeP8iqS3MccBIVhVBlEmruF1I7HZqx5Q8aiTeYfQVeqmrU9YO2yYoQ==}
    peerDependencies:
      bare-buffer: '*'
    peerDependenciesMeta:
      bare-buffer:
        optional: true

  bare-assert@1.2.0:
    resolution: {integrity: sha512-c6uvgvTJBspTDxtVnPgrBKmLgcpW3Fp72NVKDLg6oT4QjQbhGtvrkHMhGYMK1sh4vjBHOBmuUalyt9hSzV37fQ==}

  bare-async-hooks@0.0.0:
    resolution: {integrity: sha512-xNfGwUobaomCGMGAqohAekS3uMCj+4tvI4AoOaJnO7NfpN+dvFdkC5xkeQtmZzs2vxf2TR5J6i5FDd1ImCZERw==}

  bare-buffer@3.6.0:
    resolution: {integrity: sha512-/maRWEQ2eBkVNMbNFVsq1pHXJYVj4Y3AixwruB24eKZDs5Gtu0fixzvjYmBIuTsBMtVH5Yb27pQO9BhFa+IlIQ==}
    engines: {bare: '>=1.20.0'}

  bare-bundle@1.10.0:
    resolution: {integrity: sha512-4LVlnJAHr00Hh6Vu6ZUJS38rcEtJT3b3vChXSsBsJ2mk1TN0lQ+gzd+Dw5L0aV7uqDZv84smuwW+O02X7PfDlw==}
    peerDependencies:
      bare-buffer: '*'
      bare-url: '*'
    peerDependenciesMeta:
      bare-buffer:
        optional: true
      bare-url:
        optional: true

  bare-channel@5.2.3:
    resolution: {integrity: sha512-2cRErqS4fzzr3ZUSd5W67ka70dZKJ1VWrCsvxPVC8vr3rWvd4aaCG5iCDas9+MFVaUIWvfw04+NH4+FHQDddMQ==}
    engines: {bare: '>=1.7.0'}

  bare-console@6.1.0:
    resolution: {integrity: sha512-BziGTEIyVh0zn78842mmpOLGTEFE7/S4A5Tb0d2iIu7bryVdoiF0przraYMetJckHxm0P5ITTZrYfRuYRr9n/Q==}

  bare-crypto@1.13.7:
    resolution: {integrity: sha512-gvYgECS1X1wDXFuipwgrN1kwOovMP+BNpaSnRcKRZeT0wYrZIDf9H48BpdWd0t81nmCWtfbpKZhWBziUwLY05Q==}
    peerDependencies:
      bare-buffer: '*'
    peerDependenciesMeta:
      bare-buffer:
        optional: true

  bare-debug-log@2.0.0:
    resolution: {integrity: sha512-Vi42PkMQsNV9PUpx2Gl1hikshx5O9FzMJ6o9Nnopseg7qLBBK7Nl31d0RHcfwLEAfmcPApytpc0ZFfq68u22FQ==}

  bare-dgram@1.0.1:
    resolution: {integrity: sha512-EdsyRErrkWgN8fENdrDdXFEE9HAuJ/m6ehXz13fVj9JhdCaLWIA+L8o5aYNRLt66x08RlyG2vbrRAZoxGfcdlg==}

  bare-diagnostics-channel@1.1.0:
    resolution: {integrity: sha512-Reu+EQo+eLpB+a5p8UykFEdXndFaRaSgKV38uAMh/qhE2eTeJcdwAwo74hKYyeN8GD3DIFqC9ZlM4bnDc03CIg==}

  bare-dns@2.1.4:
    resolution: {integrity: sha512-abwjHmpWqSRNB7V5615QxPH92L71AVzFm/kKTs8VYiNTAi2xVdonpv0BjJ0hwXLwomoW+xsSOPjW6PZPO14asg==}
    engines: {bare: '>=1.7.0'}

  bare-encoding@1.0.3:
    resolution: {integrity: sha512-Kqf+t/azs13lUeyK4Tb7ha4wdLRXKWCXQ8w1rVmt7KtoPCPdHD/Xwt7LBIsCSwwGglrcmblo5VOLa5avkJqULA==}
    peerDependencies:
      bare-buffer: '*'
    peerDependenciesMeta:
      bare-buffer:
        optional: true

  bare-env@3.0.0:
    resolution: {integrity: sha512-0u964P5ZLAxTi+lW4Kjp7YRJQ5gZr9ycYOtjLxsSrupgMz3sn5Z9n4SH/JIifHwvadsf1brA2JAjP+9IOWwTiw==}

  bare-events@2.8.3:
    resolution: {integrity: sha512-HdUm8EMQBLaJvGUdidNNbqpA1kYkwNcb+MYxkxCLAPJGQzlv9J0C24h8V65Z4c5GLd/JEALDvpFCQgpLJqc0zw==}
    peerDependencies:
      bare-abort-controller: '*'
    peerDependenciesMeta:
      bare-abort-controller:
        optional: true

  bare-fetch@3.0.1:
    resolution: {integrity: sha512-OWC8Z62E8JmomltTkXt9cCPMPj2DNi2vp66FOj3BkglNKNshZuk8n98Ba3afUxrrM4kv9/eMzh9+U9dXZSQyOg==}
    peerDependencies:
      bare-abort-controller: '*'
      bare-buffer: '*'
    peerDependenciesMeta:
      bare-abort-controller:
        optional: true
      bare-buffer:
        optional: true

  bare-form-data@1.2.2:
    resolution: {integrity: sha512-DQyAkCf5mgKT07orewuvaJfoalw7RBSHia4wgkrG7+seI6aHLB+r6gMRdCGrlO+BmCqMwgTeHAHxDU2NrOjQnQ==}

  bare-format@1.0.2:
    resolution: {integrity: sha512-GswdhnOnP9QtwRbrf4wLApw5widkaLMsLe2XOs35fQD2YfEN1ApoGka+cZ7PfvzxMgfYXmMhj/2OGlVn5/Dxgw==}

  bare-fs@4.7.1:
    resolution: {integrity: sha512-WDRsyVN52eAx/lBamKD6uyw8H4228h/x0sGGGegOamM2cd7Pag88GfMQalobXI+HaEUxpCkbKQUDOQqt9wawRw==}
    engines: {bare: '>=1.16.0'}
    peerDependencies:
      bare-buffer: '*'
    peerDependenciesMeta:
      bare-buffer:
        optional: true

  bare-hrtime@2.1.1:
    resolution: {integrity: sha512-VMb3tHo05gsnbu3OXTmkDiwTjMlOsbQmKoysKqKEyR09m77TuDrYFbj3Q5GGk10dAKsUHrnXmwCaeJqzVpB5ZA==}

  bare-http-parser@1.1.4:
    resolution: {integrity: sha512-DL+7fTEUWzAEj/Baw9e/BwNAidARbxuUf5bonQ/Wt3VPUdJNyf562ydaono9ZkQBAUw0NydzYEI97rSs/93ruA==}

  bare-http1@4.5.6:
    resolution: {integrity: sha512-31OAwMkSU+z1VuUOCk65hx3aWQgzCfH/zQ6LGxbJtmiy2Czsw0+uvOBM9YkqaL6zUSTSYG2pLbL0v/TjME3Buw==}
    peerDependencies:
      bare-buffer: '*'
      bare-url: '*'
    peerDependenciesMeta:
      bare-buffer:
        optional: true
      bare-url:
        optional: true

  bare-https@3.0.0:
    resolution: {integrity: sha512-W1GRSCzn+xXKf5bMcPs/hg6Ga1bxPqb7owGfS+tvlBQfPe5Q2STcanRuKZrgU60v5uKrhXH5cgWwM+DLqvXZgQ==}

  bare-inspect@3.1.4:
    resolution: {integrity: sha512-jfW5KRA84o3REpI6Vr4nbvMn+hqVAw8GU1mMdRwUsY5yJovQamxYeKGVKGqdzs+8ZbG4jRzGUXP/3Ji/DnqfPg==}
    engines: {bare: '>=1.18.0'}

  bare-inspector@6.0.1:
    resolution: {integrity: sha512-rL+aKJ74FhF+6iJS2cV3C8js8nGF37H05ldiyMojgFP/N5eYShZ/mhSbTcDh1yriW5jndYd6xWQU0E/CE14Tiw==}
    engines: {bare: '>=1.25.0'}
    peerDependencies:
      bare-tcp: '*'
    peerDependenciesMeta:
      bare-tcp:
        optional: true

  bare-logger@2.0.3:
    resolution: {integrity: sha512-U6K7NxHdeAHxEgHFDV8zXvgjgDZKQO6LlCrxQvUvlrZEVTnoezSImMWizi85rbZpVsbeI1ZWcLCRGnoIf5EV8Q==}

  bare-mime@1.0.0:
    resolution: {integrity: sha512-lUOswzBkfqham4zjLDueKOd4Qj3gS56BiZ3q2f0g0adoFhF+HFNupvTUfZBWoicl7fWJ7Hp2RUZjmkY47dxxOQ==}

  bare-module-lexer@1.4.7:
    resolution: {integrity: sha512-0klU4eMsjh/wcxi8FdHmNom2j2F4kmkXOhyJFL9qTaSFp2lE3m6BtbKgMHY8R5miqC9r8/IfA8wzXnC5Os14WA==}
    peerDependencies:
      bare-buffer: '*'
    peerDependenciesMeta:
      bare-buffer:
        optional: true

  bare-module-resolve@1.12.2:
    resolution: {integrity: sha512-j+hiD5k99qec4KjJvYsI67q5AOBifmy9JG3oeMVxTmvrhn2sIdp8StrUvZu4YNgwTpO+NhniQG16N1ETDe1k5w==}
    peerDependencies:
      bare-url: '*'
    peerDependenciesMeta:
      bare-url:
        optional: true

  bare-module-traverse@2.0.2:
    resolution: {integrity: sha512-95lPNoR/NfuzhstPJoubmdy/gE1x0CGyUANTd0gePWpK5nwzjJG1yWovCNnxENtMBZe/bQMZH3+8q7XM3hwx+g==}
    peerDependencies:
      bare-buffer: '*'
      bare-url: '*'
    peerDependenciesMeta:
      bare-buffer:
        optional: true
      bare-url:
        optional: true

  bare-module@6.2.0:
    resolution: {integrity: sha512-CoCTG8y8HKPnNW317OW1hynl28DasVPtbX033ZEAXk0Q3SYCUXi3OOnNAr6wTrDgMgpOsW0kl7Nifcom5GGH8Q==}
    engines: {bare: '>=1.23.0'}
    peerDependencies:
      bare-buffer: '*'
    peerDependenciesMeta:
      bare-buffer:
        optional: true

  bare-net@2.3.1:
    resolution: {integrity: sha512-MypSqDKpDU2Xt7FIfazn5yGvRnV09gFcIPHGWstW0gxuzA4tucTcwJSZeos97C4F89vtU5oGwXDN/HrGN6Y4Jw==}

  bare-node-runtime@1.3.1:
    resolution: {integrity: sha512-VuTkBLZKAZdC1hiEX+4so9YQo2Su4FVJRUbXfqMas66dJOcQIuyc7Rz3ED9ZNVg7MXUygOeLz0N54pDGxtDWzw==}

  bare-os@3.9.1:
    resolution: {integrity: sha512-6M5XjcnsygQNPMCMPXSK379xrJFiZ/AEMNBmFEmQW8d/789VQATvriyi5r0HYTL9TkQ26rn3kgdTG3aisbrXkQ==}
    engines: {bare: '>=1.14.0'}

  bare-path@3.0.0:
    resolution: {integrity: sha512-tyfW2cQcB5NN8Saijrhqn0Zh7AnFNsnczRcuWODH0eYAXBsJ5gVxAUuNr7tsHSC6IZ77cA0SitzT+s47kot8Mw==}

  bare-performance@2.0.0:
    resolution: {integrity: sha512-8iCIWtHcChombHshFqYCy0dtFFLUJur9Ahy+T7U49LqrhQ6FtUulat4kGlo6rMkBiBkeFCysTjPvm3nd+cao6w==}
    engines: {bare: '>=1.27.0'}

  bare-pipe@4.1.5:
    resolution: {integrity: sha512-6OfxaG8JSkRh3Gc4hzHRsxNt+yu2PpN7lrv1V+T78GdknWQkVGwiEvu4m+1nbfk8cMVQ0TGxRvQ90XA4rhnTuw==}
    engines: {bare: '>=1.16.0'}

  bare-process@4.4.1:
    resolution: {integrity: sha512-JfcTtymq6akqM2bdyTsP4A4GYJceBzb91k/ECmFps75uFf6uO33SM1bOZsRAqyRXExabsQJLn5S41NBl8HTM4A==}

  bare-punycode@0.0.0:
    resolution: {integrity: sha512-PC2Y6mGLytZPJCB9M7CvO5Zb6uWYVUZ+5t3L6vePFuFM6tdC6SsQ+sIsuf0Sa6LHBoWURX7I9yMMbPXMv7TIdQ==}

  bare-querystring@1.1.0:
    resolution: {integrity: sha512-pUtEM6JrX53MbEJFwO92F0Ch7BwZ67KD7LyglcB8/tvkkVdwTgN1f7oIklRe+NTT/WCYZgwjDFYS9efBxDSq8g==}

  bare-readline@1.3.1:
    resolution: {integrity: sha512-QtSU4ZfgQcDI6AQssjDFqTiRe4rCiciMn+Yqx6siMJZBIftAIFrNSOK0sa5SBrmNv/a7CD9Dm0onUDCRyn5Fdg==}

  bare-realm@2.0.1:
    resolution: {integrity: sha512-kQbYU6AAQu4XBTQesuz2+PpjBx7MJzf5Qw3nSLzQCzbVglx7Ml85MtWEjUe1AeslXqrd+nFPHMEbL55ouISscA==}
    engines: {bare: '>=1.5.0'}

  bare-repl@6.0.2:
    resolution: {integrity: sha512-w2R+5LOrMl9UH/gcFjvdIpsB+SgyLr8cW4uJo5bAEzRbRpVA+ZTm8pMHYdj0uqIUBClP/6fkyW0MnB1XkxakmQ==}

  bare-semver@1.0.3:
    resolution: {integrity: sha512-HS/A30bi2+PiRJfU6R4+Kp+6KeLSCSByjYM2iiobOKzLAvtu1CT+S8xWfiU7wz0erknjkUoC+yXy108tzIuP5Q==}

  bare-signals@4.2.0:
    resolution: {integrity: sha512-fNHMOdQIlYuTvMB3Oh9Apk99hLKn351+Ir8vz+khiPTcOqIyGG4uWWjdLTzxWdYGsA0eT+We3y0K74hjj2nq7A==}
    engines: {bare: '>=1.7.0'}

  bare-stdio@1.0.2:
    resolution: {integrity: sha512-3WJDqtvVGP4f+j68kyEC05umOYNwKJ1xG+YAXL8yZ605WgNqiRhVaFq+mVIhBt2eKNp7pa5vCQdhOt1pNh79SA==}

  bare-stream@2.13.1:
    resolution: {integrity: sha512-Vp0cnjYyrEC4whYTymQ+YZi6pBpfiICZO3cfRG8sy67ZNWe951urv1x4eW1BKNngw3U+3fPYb5JQvHbCtxH7Ow==}
    peerDependencies:
      bare-abort-controller: '*'
      bare-buffer: '*'
      bare-events: '*'
    peerDependenciesMeta:
      bare-abort-controller:
        optional: true
      bare-buffer:
        optional: true
      bare-events:
        optional: true

  bare-string-decoder@1.0.0:
    resolution: {integrity: sha512-FjFvfHo88U7borNQSj9ijP2JTb1asqY6K28OZrix4dF9iZf5D2wi1+99CgLlHT3HtYqdwxRhDAiKu8rVstt5rQ==}
    peerDependencies:
      bare-buffer: '*'
    peerDependenciesMeta:
      bare-buffer:
        optional: true

  bare-structured-clone@1.5.5:
    resolution: {integrity: sha512-b1x++7qt6x7T0Rm8NAg/EnU13+rn3Gfglv8N5PGtFcfdi4yAfLJs/mLbrVfc+C66DFrO+CxdIsl1NcnE6Ra+xQ==}
    engines: {bare: '>=1.2.0'}

  bare-stylize@0.0.1:
    resolution: {integrity: sha512-l3MjmIl476bWijYWf3RbE+osl4iuXSOMudzp0vAqzIK7gPgn/+G3oAxp8Oin9CFF911KBP0LO9kts8Ci8mGZaQ==}

  bare-subprocess@6.0.0:
    resolution: {integrity: sha512-0uIOyxnhX14liHAM54tajLedN5eUsXSmxZOzDkODmuxeU8s/6/jVx5UFHOeAeDSiHHXMFf0BcaszEVsURkWJeg==}
    engines: {bare: '>=1.7.0'}
    peerDependencies:
      bare-buffer: '*'
    peerDependenciesMeta:
      bare-buffer:
        optional: true

  bare-system-logger@1.0.3:
    resolution: {integrity: sha512-HXTXZyhIIS4ZDYun4J9zKNQZDfLgEkkK8wy9nrTFJE5xq8APsOhDxuEsxP0YcNwC23DW1jaNpqD51zDeXPzIdg==}

  bare-tcp@2.2.13:
    resolution: {integrity: sha512-4KQPgqYugvK6QxcSnVGbl87XslBebxmXlv7Glf4M9iwwoSCDKtYmC1t6zsMctTNhzKXbWCId7mB4R9qLWj3JMw==}
    engines: {bare: '>=1.16.0'}

  bare-thread@1.2.2:
    resolution: {integrity: sha512-VuPKbGUwDzSNsOnbhQX+4rHP0JzKE9CrmYUjZ57Q6MteWfXQx1MvR7VODYDoA4dxb4LvBVhckafOTV0jYjhfcA==}

  bare-timers@3.2.1:
    resolution: {integrity: sha512-O+9e6Jol/BoYsQUzAFXG0gWUW1GWryFMblGcNBfi3smPrD3rJIKQwpw2FJARl2j/1VHne4a8YaHPK1cxDKfiYQ==}
    engines: {bare: '>=1.7.0'}
    peerDependencies:
      bare-abort-controller: '*'
    peerDependenciesMeta:
      bare-abort-controller:
        optional: true

  bare-tls@3.1.5:
    resolution: {integrity: sha512-yoOtW3MyJF1mMwavLeuqOE7+qTKZ9cl1GRPxCUOXMUvYCfGltvXyRH48R4EKrRIfgUG6vil6n4Ea1i81fwmgZA==}
    engines: {bare: '>=1.7.0'}

  bare-tty@5.1.0:
    resolution: {integrity: sha512-EZLvW4A+XiJgI3TW+e1pMME9PIJsfEXe/DA/WSKzIkq/v7Yarpv/rvG6Z5pGnpo4V/Bd+qopwnCLSR71hMMBYA==}
    engines: {bare: '>=1.16.0'}

  bare-type@1.1.0:
    resolution: {integrity: sha512-LdtnnEEYldOc87Dr4GpsKnStStZk3zfgoEMXy8yvEZkXrcCv9RtYDrUYWFsBQHtaB0s1EUWmcvS6XmEZYIj3Bw==}
    engines: {bare: '>=1.2.0'}

  bare-url@2.4.3:
    resolution: {integrity: sha512-Kccpc7ACfXaxfeInfqKcZtW4pT5YBn1mesc4sCsun6sRwtbJ4h+sNOaksUpYEJUKfN65YWC6Bw2OJEFiKxq8nQ==}

  bare-utils@1.6.0:
    resolution: {integrity: sha512-WhQEIkkAxkSnW7u1QgrI0AfNm5JpMruETXeYsb5qnkBJ0TTfNKygZmsh6rkoHBANaV+C/7Jed7bJP9OmEHG7rQ==}

  bare-v8@1.0.1:
    resolution: {integrity: sha512-/cR5ZvFWQRdtTZ4tx0j7TKvTWce8UnnLqm88fwHtJmfM7HODIBVjQGDT7KkDLeD2d/eHP2pzB71Y8/QyiMMKrQ==}

  bare-vm@1.0.1:
    resolution: {integrity: sha512-yLnbRvKt3AhRTmtfTIrYfdTHqGEfIJc+Fgb2DcHejE0HJ+p5adGxxPMvd3893Z7iXVYnalxukNARn4oJSZELHQ==}

  bare-worker@4.1.6:
    resolution: {integrity: sha512-yvsektF7xNqlAyjJV+YYeBx+sGZ8Fhbo5Cjc/lpIdkM8Gd/e3MlaxTFg8NknkyvJ4oDJXqvp38Q+ZOn5Gyr+nQ==}

  bare-ws@3.0.0:
    resolution: {integrity: sha512-q2v0UIQ0cFQBXQMp+0FRaoSk1EoYgOhzO7yio0TqBV6Rkfot97mbBYxb1ssw5faVCisVaFxQYY8113SMLYQBow==}
    peerDependencies:
      bare-buffer: '*'
      bare-url: '*'
    peerDependenciesMeta:
      bare-buffer:
        optional: true
      bare-url:
        optional: true

  bare-zlib@1.3.3:
    resolution: {integrity: sha512-rXNczo+SQg6cn20olmh/mUiGeJK9maipFH/zI/QwYgwhEmOns1R7fl1GV5apNO+aAp4x2d4uUa7HLhO4mhOnBQ==}

  bip39@3.1.0:
    resolution: {integrity: sha512-c9kiwdk45Do5GL0vJMe7tS95VjCii65mYAH7DfWl3uW8AVzXKQVUm64i3hzVybBDMp9r7j9iNxR85+ul8MdN/A==}

  compact-encoding@3.1.0:
    resolution: {integrity: sha512-HcXBKXucAr+rqCAzS+SmOgqXXkvbrUqLrqc4FSBGQ6Ifh8SCVTDiIcSfML92ZGK1ARePJIyug0698gnmaAwlBw==}

  ethers@6.14.4:
    resolution: {integrity: sha512-Jm/dzRs2Z9iBrT6e9TvGxyb5YVKAPLlpna7hjxH7KH/++DSh2T/JVmQUv7iHI5E55hDbp/gEVvstWYXVxXFzsA==}
    engines: {node: '>=14.0.0'}

  events-universal@1.0.1:
    resolution: {integrity: sha512-LUd5euvbMLpwOF8m6ivPCbhQeSiYVNb8Vs0fQ8QjXo0JTkEHpz8pxdQf0gStltaPpw0Cca8b39KxvK9cfKRiAw==}

  fast-fifo@1.3.2:
    resolution: {integrity: sha512-/d9sfos4yxzpwkDkuN7k2SqFKtYNmCTzgfEpz82x34IM9/zc8KGxQoXg1liNC/izpRM/MBdt44Nmx41ZWqk+FQ==}

  punycode@2.3.1:
    resolution: {integrity: sha512-vYt7UD1U9Wg6138shLtLOvdAu+8DsC/ilFtEVHcH+wydcSpNE20AfSOduf6MkRFahL5FY7X1oU7nKVZFtfq8Fg==}
    engines: {node: '>=6'}

  require-addon@1.2.0:
    resolution: {integrity: sha512-VNPDZlYgIYQwWp9jMTzljx+k0ZtatKlcvOhktZ/anNPI3dQ9NXk7cq2U4iJ1wd9IrytRnYhyEocFWbkdPb+MYA==}
    engines: {bare: '>=1.10.0'}

  sodium-native@5.1.0:
    resolution: {integrity: sha512-3RxgyWyJlhTsABPnJVpCI5CoTDANZTqqFrEPqr+kjfnRaBihpVtMUE3yTF40ukdoB1APXeoBNKF3MzZAIHg39g==}
    engines: {bare: '>=1.16.0'}

  sodium-universal@5.0.1:
    resolution: {integrity: sha512-rv+aH+tnKB5H0MAc2UadHShLMslpJsc4wjdnHRtiSIEYpOetCgu8MS4ExQRia+GL/MK3uuCyZPeEsi+J3h+Q+Q==}
    peerDependencies:
      sodium-javascript: ~0.8.0
    peerDependenciesMeta:
      sodium-javascript:
        optional: true

  streamx@2.25.0:
    resolution: {integrity: sha512-0nQuG6jf1w+wddNEEXCF4nTg3LtufWINB5eFEN+5TNZW7KWJp6x87+JFL43vaAUPyCfH1wID+mNVyW6OHtFamg==}

  teex@1.0.1:
    resolution: {integrity: sha512-eYE6iEI62Ni1H8oIa7KlDU6uQBtqr4Eajni3wX7rpfXD8ysFx8z0+dri+KWEPWpBsxXfxu58x/0jvTVT1ekOSg==}

  text-decoder@1.2.7:
    resolution: {integrity: sha512-vlLytXkeP4xvEq2otHeJfSQIRyWxo/oZGEbXrtEEF9Hnmrdly59sUbzZ/QgyWuLYHctCHxFF4tRQZNQ9k60ExQ==}

  tslib@2.7.0:
    resolution: {integrity: sha512-gLXCKdN1/j47AiHiOkJN69hJmcbGTHI0ImLmbYLHykhgeN0jVGola9yVjFgzCUklsZQMW55o+dW7IXv3RCXDzA==}

  udx-native@1.19.2:
    resolution: {integrity: sha512-RNYh+UhfryCsF5hE2ZOuIqcZ+qdipXK3UsarwxWJwsUQZFE3ybwz0mPjwb5ev1PMBcjFahWiepS/q0wwL51c2g==}
    engines: {bare: '>=1.17.4'}

  undici-types@6.19.8:
    resolution: {integrity: sha512-ve2KP6f/JnbPBFyobGHuerC9g1FYGn/F8n1LWTwNxCEzd6IfqTwUQcNXgEtmmQ6DlRrC1hrSrBnCZPokRrDHjw==}

  which-runtime@1.4.0:
    resolution: {integrity: sha512-0ugbP4CJW4e2D20jvEcC4973dCgIaHI4Rw1PT+26U9zEve7FyYdWAIwUnoeOYvoCfn+wXHoHTKb1KhkYlb60Pw==}

  ws@8.20.1:
    resolution: {integrity: sha512-It4dO0K5v//JtTXuPkfEOaI3uUN87iYPnqo/ZzqCoG3g8uhA66QUMs/SrM0YK7/NAu+r4LMh/9dq2A7k+rHs+w==}
    engines: {node: '>=10.0.0'}
    peerDependencies:
      bufferutil: ^4.0.1
      utf-8-validate: '>=5.0.2'
    peerDependenciesMeta:
      bufferutil:
        optional: true
      utf-8-validate:
        optional: true

snapshots:

  '@adraffy/ens-normalize@1.10.1': {}

  '@noble/curves@1.2.0':
    dependencies:
      '@noble/hashes': 1.3.2

  '@noble/curves@1.9.2':
    dependencies:
      '@noble/hashes': 1.8.0

  '@noble/hashes@1.3.2': {}

  '@noble/hashes@1.8.0': {}

  '@noble/secp256k1@2.2.3': {}

  '@tetherto/wdk-failover-provider@1.0.0-beta.2': {}

  '@tetherto/wdk-wallet-evm@1.0.0-beta.12(bare-abort-controller@1.1.2)(bare-buffer@3.6.0)(bare-events@2.8.3(bare-abort-controller@1.1.2))(bare-tcp@2.2.13(bare-abort-controller@1.1.2)(bare-buffer@3.6.0))(bare-url@2.4.3)':
    dependencies:
      '@noble/curves': 1.9.2
      '@noble/hashes': 1.8.0
      '@noble/secp256k1': 2.2.3
      '@tetherto/wdk-failover-provider': 1.0.0-beta.2
      '@tetherto/wdk-wallet': 1.0.0-beta.8(bare-tcp@2.2.13(bare-abort-controller@1.1.2)(bare-buffer@3.6.0))
      bare-node-runtime: 1.3.1(bare-tcp@2.2.13(bare-abort-controller@1.1.2)(bare-buffer@3.6.0))
      bip39: 3.1.0
      ethers: 6.14.4
      sodium-universal: 5.0.1(bare-abort-controller@1.1.2)(bare-buffer@3.6.0)(bare-events@2.8.3(bare-abort-controller@1.1.2))(bare-url@2.4.3)
    transitivePeerDependencies:
      - bare-abort-controller
      - bare-buffer
      - bare-events
      - bare-tcp
      - bare-url
      - bufferutil
      - react-native-b4a
      - sodium-javascript
      - utf-8-validate

  '@tetherto/wdk-wallet@1.0.0-beta.8(bare-tcp@2.2.13(bare-abort-controller@1.1.2)(bare-buffer@3.6.0))':
    dependencies:
      bare-node-runtime: 1.3.1(bare-tcp@2.2.13(bare-abort-controller@1.1.2)(bare-buffer@3.6.0))
      bip39: 3.1.0
    transitivePeerDependencies:
      - bare-tcp
      - react-native-b4a

  '@tetherto/wdk@1.0.0-beta.9(bare-tcp@2.2.13(bare-abort-controller@1.1.2)(bare-buffer@3.6.0))':
    dependencies:
      '@tetherto/wdk-wallet': 1.0.0-beta.8(bare-tcp@2.2.13(bare-abort-controller@1.1.2)(bare-buffer@3.6.0))
      bare-node-runtime: 1.3.1(bare-tcp@2.2.13(bare-abort-controller@1.1.2)(bare-buffer@3.6.0))
    transitivePeerDependencies:
      - bare-tcp
      - react-native-b4a

  '@types/node@22.7.5':
    dependencies:
      undici-types: 6.19.8

  aes-js@4.0.0-beta.5: {}

  b4a@1.8.1: {}

  bare-abort-controller@1.1.2:
    dependencies:
      bare-events: 2.8.3(bare-abort-controller@1.1.2)

  bare-abort@2.0.13: {}

  bare-addon-resolve@1.10.0(bare-url@2.4.3):
    dependencies:
      bare-module-resolve: 1.12.2(bare-url@2.4.3)
      bare-semver: 1.0.3
    optionalDependencies:
      bare-url: 2.4.3

  bare-ansi-escapes@2.2.3(bare-abort-controller@1.1.2)(bare-buffer@3.6.0)(bare-events@2.8.3(bare-abort-controller@1.1.2)):
    dependencies:
      bare-stream: 2.13.1(bare-abort-controller@1.1.2)(bare-buffer@3.6.0)(bare-events@2.8.3(bare-abort-controller@1.1.2))
    optionalDependencies:
      bare-buffer: 3.6.0
    transitivePeerDependencies:
      - bare-abort-controller
      - bare-events
      - react-native-b4a

  bare-assert@1.2.0(bare-abort-controller@1.1.2)(bare-buffer@3.6.0)(bare-events@2.8.3(bare-abort-controller@1.1.2)):
    dependencies:
      bare-inspect: 3.1.4(bare-abort-controller@1.1.2)(bare-buffer@3.6.0)(bare-events@2.8.3(bare-abort-controller@1.1.2))
    transitivePeerDependencies:
      - bare-abort-controller
      - bare-buffer
      - bare-events
      - react-native-b4a

  bare-async-hooks@0.0.0: {}

  bare-buffer@3.6.0: {}

  bare-bundle@1.10.0(bare-buffer@3.6.0)(bare-url@2.4.3):
    optionalDependencies:
      bare-buffer: 3.6.0
      bare-url: 2.4.3

  bare-channel@5.2.3(bare-abort-controller@1.1.2)(bare-buffer@3.6.0):
    dependencies:
      bare-events: 2.8.3(bare-abort-controller@1.1.2)
      bare-stream: 2.13.1(bare-abort-controller@1.1.2)(bare-buffer@3.6.0)(bare-events@2.8.3(bare-abort-controller@1.1.2))
      bare-structured-clone: 1.5.5
    transitivePeerDependencies:
      - bare-abort-controller
      - bare-buffer
      - react-native-b4a

  bare-console@6.1.0(bare-abort-controller@1.1.2)(bare-buffer@3.6.0)(bare-events@2.8.3(bare-abort-controller@1.1.2)):
    dependencies:
      bare-hrtime: 2.1.1
      bare-logger: 2.0.3(bare-abort-controller@1.1.2)(bare-buffer@3.6.0)(bare-events@2.8.3(bare-abort-controller@1.1.2))
      bare-system-logger: 1.0.3(bare-abort-controller@1.1.2)(bare-buffer@3.6.0)(bare-events@2.8.3(bare-abort-controller@1.1.2))
    transitivePeerDependencies:
      - bare-abort-controller
      - bare-buffer
      - bare-events
      - react-native-b4a

  bare-crypto@1.13.7(bare-abort-controller@1.1.2)(bare-buffer@3.6.0)(bare-events@2.8.3(bare-abort-controller@1.1.2)):
    dependencies:
      bare-assert: 1.2.0(bare-abort-controller@1.1.2)(bare-buffer@3.6.0)(bare-events@2.8.3(bare-abort-controller@1.1.2))
      bare-stream: 2.13.1(bare-abort-controller@1.1.2)(bare-buffer@3.6.0)(bare-events@2.8.3(bare-abort-controller@1.1.2))
    optionalDependencies:
      bare-buffer: 3.6.0
    transitivePeerDependencies:
      - bare-abort-controller
      - bare-events
      - react-native-b4a

  bare-debug-log@2.0.0:
    dependencies:
      bare-os: 3.9.1

  bare-dgram@1.0.1(bare-abort-controller@1.1.2)(bare-url@2.4.3):
    dependencies:
      bare-events: 2.8.3(bare-abort-controller@1.1.2)
      udx-native: 1.19.2(bare-abort-controller@1.1.2)(bare-url@2.4.3)
    transitivePeerDependencies:
      - bare-abort-controller
      - bare-url
      - react-native-b4a

  bare-diagnostics-channel@1.1.0: {}

  bare-dns@2.1.4: {}

  bare-encoding@1.0.3(bare-buffer@3.6.0):
    optionalDependencies:
      bare-buffer: 3.6.0

  bare-env@3.0.0:
    dependencies:
      bare-os: 3.9.1

  bare-events@2.8.3(bare-abort-controller@1.1.2):
    optionalDependencies:
      bare-abort-controller: 1.1.2

  bare-fetch@3.0.1(bare-abort-controller@1.1.2)(bare-buffer@3.6.0)(bare-events@2.8.3(bare-abort-controller@1.1.2)):
    dependencies:
      bare-form-data: 1.2.2(bare-abort-controller@1.1.2)(bare-events@2.8.3(bare-abort-controller@1.1.2))
      bare-http1: 4.5.6(bare-abort-controller@1.1.2)(bare-buffer@3.6.0)(bare-url@2.4.3)
      bare-https: 3.0.0(bare-abort-controller@1.1.2)(bare-buffer@3.6.0)(bare-events@2.8.3(bare-abort-controller@1.1.2))(bare-url@2.4.3)
      bare-mime: 1.0.0
      bare-stream: 2.13.1(bare-abort-controller@1.1.2)(bare-buffer@3.6.0)(bare-events@2.8.3(bare-abort-controller@1.1.2))
      bare-url: 2.4.3
      bare-zlib: 1.3.3(bare-abort-controller@1.1.2)(bare-buffer@3.6.0)(bare-events@2.8.3(bare-abort-controller@1.1.2))
    optionalDependencies:
      bare-abort-controller: 1.1.2
      bare-buffer: 3.6.0
    transitivePeerDependencies:
      - bare-events
      - react-native-b4a

  bare-form-data@1.2.2(bare-abort-controller@1.1.2)(bare-events@2.8.3(bare-abort-controller@1.1.2)):
    dependencies:
      bare-buffer: 3.6.0
      bare-stream: 2.13.1(bare-abort-controller@1.1.2)(bare-buffer@3.6.0)(bare-events@2.8.3(bare-abort-controller@1.1.2))
    transitivePeerDependencies:
      - bare-abort-controller
      - bare-events
      - react-native-b4a

  bare-format@1.0.2(bare-abort-controller@1.1.2)(bare-buffer@3.6.0)(bare-events@2.8.3(bare-abort-controller@1.1.2)):
    dependencies:
      bare-inspect: 3.1.4(bare-abort-controller@1.1.2)(bare-buffer@3.6.0)(bare-events@2.8.3(bare-abort-controller@1.1.2))
    transitivePeerDependencies:
      - bare-abort-controller
      - bare-buffer
      - bare-events
      - react-native-b4a

  bare-fs@4.7.1(bare-abort-controller@1.1.2)(bare-buffer@3.6.0):
    dependencies:
      bare-events: 2.8.3(bare-abort-controller@1.1.2)
      bare-path: 3.0.0
      bare-stream: 2.13.1(bare-abort-controller@1.1.2)(bare-buffer@3.6.0)(bare-events@2.8.3(bare-abort-controller@1.1.2))
      bare-url: 2.4.3
      fast-fifo: 1.3.2
    optionalDependencies:
      bare-buffer: 3.6.0
    transitivePeerDependencies:
      - bare-abort-controller
      - react-native-b4a

  bare-hrtime@2.1.1: {}

  bare-http-parser@1.1.4: {}

  bare-http1@4.5.6(bare-abort-controller@1.1.2)(bare-buffer@3.6.0)(bare-url@2.4.3):
    dependencies:
      bare-events: 2.8.3(bare-abort-controller@1.1.2)
      bare-http-parser: 1.1.4
      bare-stream: 2.13.1(bare-abort-controller@1.1.2)(bare-buffer@3.6.0)(bare-events@2.8.3(bare-abort-controller@1.1.2))
      bare-tcp: 2.2.13(bare-abort-controller@1.1.2)(bare-buffer@3.6.0)
    optionalDependencies:
      bare-buffer: 3.6.0
      bare-url: 2.4.3
    transitivePeerDependencies:
      - bare-abort-controller
      - react-native-b4a

  bare-https@3.0.0(bare-abort-controller@1.1.2)(bare-buffer@3.6.0)(bare-events@2.8.3(bare-abort-controller@1.1.2))(bare-url@2.4.3):
    dependencies:
      bare-http1: 4.5.6(bare-abort-controller@1.1.2)(bare-buffer@3.6.0)(bare-url@2.4.3)
      bare-tcp: 2.2.13(bare-abort-controller@1.1.2)(bare-buffer@3.6.0)
      bare-tls: 3.1.5(bare-abort-controller@1.1.2)(bare-buffer@3.6.0)(bare-events@2.8.3(bare-abort-controller@1.1.2))
    transitivePeerDependencies:
      - bare-abort-controller
      - bare-buffer
      - bare-events
      - bare-url
      - react-native-b4a

  bare-inspect@3.1.4(bare-abort-controller@1.1.2)(bare-buffer@3.6.0)(bare-events@2.8.3(bare-abort-controller@1.1.2)):
    dependencies:
      bare-ansi-escapes: 2.2.3(bare-abort-controller@1.1.2)(bare-buffer@3.6.0)(bare-events@2.8.3(bare-abort-controller@1.1.2))
      bare-type: 1.1.0
    transitivePeerDependencies:
      - bare-abort-controller
      - bare-buffer
      - bare-events
      - react-native-b4a

  bare-inspector@6.0.1(bare-abort-controller@1.1.2)(bare-buffer@3.6.0)(bare-tcp@2.2.13(bare-abort-controller@1.1.2)(bare-buffer@3.6.0)):
    dependencies:
      bare-events: 2.8.3(bare-abort-controller@1.1.2)
      bare-http1: 4.5.6(bare-abort-controller@1.1.2)(bare-buffer@3.6.0)(bare-url@2.4.3)
      bare-stream: 2.13.1(bare-abort-controller@1.1.2)(bare-buffer@3.6.0)(bare-events@2.8.3(bare-abort-controller@1.1.2))
      bare-url: 2.4.3
      bare-ws: 3.0.0(bare-abort-controller@1.1.2)(bare-buffer@3.6.0)(bare-url@2.4.3)
    optionalDependencies:
      bare-tcp: 2.2.13(bare-abort-controller@1.1.2)(bare-buffer@3.6.0)
    transitivePeerDependencies:
      - bare-abort-controller
      - bare-buffer
      - react-native-b4a

  bare-logger@2.0.3(bare-abort-controller@1.1.2)(bare-buffer@3.6.0)(bare-events@2.8.3(bare-abort-controller@1.1.2)):
    dependencies:
      bare-format: 1.0.2(bare-abort-controller@1.1.2)(bare-buffer@3.6.0)(bare-events@2.8.3(bare-abort-controller@1.1.2))
    transitivePeerDependencies:
      - bare-abort-controller
      - bare-buffer
      - bare-events
      - react-native-b4a

  bare-mime@1.0.0: {}

  bare-module-lexer@1.4.7(bare-buffer@3.6.0)(bare-url@2.4.3):
    dependencies:
      require-addon: 1.2.0(bare-url@2.4.3)
    optionalDependencies:
      bare-buffer: 3.6.0
    transitivePeerDependencies:
      - bare-url

  bare-module-resolve@1.12.2(bare-url@2.4.3):
    dependencies:
      bare-semver: 1.0.3
    optionalDependencies:
      bare-url: 2.4.3

  bare-module-traverse@2.0.2(bare-buffer@3.6.0)(bare-url@2.4.3):
    dependencies:
      bare-addon-resolve: 1.10.0(bare-url@2.4.3)
      bare-module-lexer: 1.4.7(bare-buffer@3.6.0)(bare-url@2.4.3)
      bare-module-resolve: 1.12.2(bare-url@2.4.3)
    optionalDependencies:
      bare-buffer: 3.6.0
      bare-url: 2.4.3

  bare-module@6.2.0(bare-buffer@3.6.0):
    dependencies:
      bare-bundle: 1.10.0(bare-buffer@3.6.0)(bare-url@2.4.3)
      bare-module-lexer: 1.4.7(bare-buffer@3.6.0)(bare-url@2.4.3)
      bare-module-resolve: 1.12.2(bare-url@2.4.3)
      bare-path: 3.0.0
      bare-url: 2.4.3
    optionalDependencies:
      bare-buffer: 3.6.0

  bare-net@2.3.1(bare-abort-controller@1.1.2)(bare-buffer@3.6.0):
    dependencies:
      bare-events: 2.8.3(bare-abort-controller@1.1.2)
      bare-pipe: 4.1.5(bare-abort-controller@1.1.2)(bare-buffer@3.6.0)
      bare-stream: 2.13.1(bare-abort-controller@1.1.2)(bare-buffer@3.6.0)(bare-events@2.8.3(bare-abort-controller@1.1.2))
      bare-tcp: 2.2.13(bare-abort-controller@1.1.2)(bare-buffer@3.6.0)
    transitivePeerDependencies:
      - bare-abort-controller
      - bare-buffer
      - react-native-b4a

  bare-node-runtime@1.3.1(bare-tcp@2.2.13(bare-abort-controller@1.1.2)(bare-buffer@3.6.0)):
    dependencies:
      bare-abort-controller: 1.1.2
      bare-assert: 1.2.0(bare-abort-controller@1.1.2)(bare-buffer@3.6.0)(bare-events@2.8.3(bare-abort-controller@1.1.2))
      bare-async-hooks: 0.0.0
      bare-buffer: 3.6.0
      bare-console: 6.1.0(bare-abort-controller@1.1.2)(bare-buffer@3.6.0)(bare-events@2.8.3(bare-abort-controller@1.1.2))
      bare-crypto: 1.13.7(bare-abort-controller@1.1.2)(bare-buffer@3.6.0)(bare-events@2.8.3(bare-abort-controller@1.1.2))
      bare-dgram: 1.0.1(bare-abort-controller@1.1.2)(bare-url@2.4.3)
      bare-diagnostics-channel: 1.1.0
      bare-dns: 2.1.4
      bare-events: 2.8.3(bare-abort-controller@1.1.2)
      bare-fetch: 3.0.1(bare-abort-controller@1.1.2)(bare-buffer@3.6.0)(bare-events@2.8.3(bare-abort-controller@1.1.2))
      bare-fs: 4.7.1(bare-abort-controller@1.1.2)(bare-buffer@3.6.0)
      bare-http1: 4.5.6(bare-abort-controller@1.1.2)(bare-buffer@3.6.0)(bare-url@2.4.3)
      bare-https: 3.0.0(bare-abort-controller@1.1.2)(bare-buffer@3.6.0)(bare-events@2.8.3(bare-abort-controller@1.1.2))(bare-url@2.4.3)
      bare-inspector: 6.0.1(bare-abort-controller@1.1.2)(bare-buffer@3.6.0)(bare-tcp@2.2.13(bare-abort-controller@1.1.2)(bare-buffer@3.6.0))
      bare-module: 6.2.0(bare-buffer@3.6.0)
      bare-net: 2.3.1(bare-abort-controller@1.1.2)(bare-buffer@3.6.0)
      bare-os: 3.9.1
      bare-path: 3.0.0
      bare-performance: 2.0.0
      bare-process: 4.4.1(bare-abort-controller@1.1.2)(bare-buffer@3.6.0)
      bare-punycode: 0.0.0
      bare-querystring: 1.1.0
      bare-readline: 1.3.1(bare-abort-controller@1.1.2)(bare-buffer@3.6.0)(bare-events@2.8.3(bare-abort-controller@1.1.2))
      bare-repl: 6.0.2(bare-abort-controller@1.1.2)(bare-buffer@3.6.0)(bare-events@2.8.3(bare-abort-controller@1.1.2))
      bare-stream: 2.13.1(bare-abort-controller@1.1.2)(bare-buffer@3.6.0)(bare-events@2.8.3(bare-abort-controller@1.1.2))
      bare-string-decoder: 1.0.0(bare-buffer@3.6.0)
      bare-subprocess: 6.0.0(bare-abort-controller@1.1.2)(bare-buffer@3.6.0)
      bare-timers: 3.2.1(bare-abort-controller@1.1.2)
      bare-tls: 3.1.5(bare-abort-controller@1.1.2)(bare-buffer@3.6.0)(bare-events@2.8.3(bare-abort-controller@1.1.2))
      bare-tty: 5.1.0(bare-abort-controller@1.1.2)(bare-buffer@3.6.0)
      bare-url: 2.4.3
      bare-utils: 1.6.0(bare-abort-controller@1.1.2)(bare-buffer@3.6.0)(bare-events@2.8.3(bare-abort-controller@1.1.2))
      bare-v8: 1.0.1
      bare-vm: 1.0.1
      bare-worker: 4.1.6(bare-abort-controller@1.1.2)(bare-buffer@3.6.0)
      bare-ws: 3.0.0(bare-abort-controller@1.1.2)(bare-buffer@3.6.0)(bare-url@2.4.3)
      bare-zlib: 1.3.3(bare-abort-controller@1.1.2)(bare-buffer@3.6.0)(bare-events@2.8.3(bare-abort-controller@1.1.2))
    transitivePeerDependencies:
      - bare-tcp
      - react-native-b4a

  bare-os@3.9.1: {}

  bare-path@3.0.0:
    dependencies:
      bare-os: 3.9.1

  bare-performance@2.0.0: {}

  bare-pipe@4.1.5(bare-abort-controller@1.1.2)(bare-buffer@3.6.0):
    dependencies:
      bare-events: 2.8.3(bare-abort-controller@1.1.2)
      bare-stream: 2.13.1(bare-abort-controller@1.1.2)(bare-buffer@3.6.0)(bare-events@2.8.3(bare-abort-controller@1.1.2))
    transitivePeerDependencies:
      - bare-abort-controller
      - bare-buffer
      - react-native-b4a

  bare-process@4.4.1(bare-abort-controller@1.1.2)(bare-buffer@3.6.0):
    dependencies:
      bare-abort: 2.0.13
      bare-env: 3.0.0
      bare-events: 2.8.3(bare-abort-controller@1.1.2)
      bare-hrtime: 2.1.1
      bare-os: 3.9.1
      bare-signals: 4.2.0(bare-abort-controller@1.1.2)
      bare-stdio: 1.0.2(bare-abort-controller@1.1.2)(bare-buffer@3.6.0)
    transitivePeerDependencies:
      - bare-abort-controller
      - bare-buffer
      - react-native-b4a

  bare-punycode@0.0.0:
    dependencies:
      punycode: 2.3.1

  bare-querystring@1.1.0: {}

  bare-readline@1.3.1(bare-abort-controller@1.1.2)(bare-buffer@3.6.0)(bare-events@2.8.3(bare-abort-controller@1.1.2)):
    dependencies:
      bare-ansi-escapes: 2.2.3(bare-abort-controller@1.1.2)(bare-buffer@3.6.0)(bare-events@2.8.3(bare-abort-controller@1.1.2))
      bare-stream: 2.13.1(bare-abort-controller@1.1.2)(bare-buffer@3.6.0)(bare-events@2.8.3(bare-abort-controller@1.1.2))
    transitivePeerDependencies:
      - bare-abort-controller
      - bare-buffer
      - bare-events
      - react-native-b4a

  bare-realm@2.0.1: {}

  bare-repl@6.0.2(bare-abort-controller@1.1.2)(bare-buffer@3.6.0)(bare-events@2.8.3(bare-abort-controller@1.1.2)):
    dependencies:
      bare-inspect: 3.1.4(bare-abort-controller@1.1.2)(bare-buffer@3.6.0)(bare-events@2.8.3(bare-abort-controller@1.1.2))
      bare-module: 6.2.0(bare-buffer@3.6.0)
      bare-os: 3.9.1
      bare-path: 3.0.0
      bare-pipe: 4.1.5(bare-abort-controller@1.1.2)(bare-buffer@3.6.0)
      bare-readline: 1.3.1(bare-abort-controller@1.1.2)(bare-buffer@3.6.0)(bare-events@2.8.3(bare-abort-controller@1.1.2))
      bare-stream: 2.13.1(bare-abort-controller@1.1.2)(bare-buffer@3.6.0)(bare-events@2.8.3(bare-abort-controller@1.1.2))
      bare-tty: 5.1.0(bare-abort-controller@1.1.2)(bare-buffer@3.6.0)
    transitivePeerDependencies:
      - bare-abort-controller
      - bare-buffer
      - bare-events
      - react-native-b4a

  bare-semver@1.0.3: {}

  bare-signals@4.2.0(bare-abort-controller@1.1.2):
    dependencies:
      bare-events: 2.8.3(bare-abort-controller@1.1.2)
      bare-os: 3.9.1
    transitivePeerDependencies:
      - bare-abort-controller

  bare-stdio@1.0.2(bare-abort-controller@1.1.2)(bare-buffer@3.6.0):
    dependencies:
      bare-fs: 4.7.1(bare-abort-controller@1.1.2)(bare-buffer@3.6.0)
      bare-pipe: 4.1.5(bare-abort-controller@1.1.2)(bare-buffer@3.6.0)
      bare-tty: 5.1.0(bare-abort-controller@1.1.2)(bare-buffer@3.6.0)
    transitivePeerDependencies:
      - bare-abort-controller
      - bare-buffer
      - react-native-b4a

  bare-stream@2.13.1(bare-abort-controller@1.1.2)(bare-buffer@3.6.0)(bare-events@2.8.3(bare-abort-controller@1.1.2)):
    dependencies:
      streamx: 2.25.0(bare-abort-controller@1.1.2)
      teex: 1.0.1(bare-abort-controller@1.1.2)
    optionalDependencies:
      bare-abort-controller: 1.1.2
      bare-buffer: 3.6.0
      bare-events: 2.8.3(bare-abort-controller@1.1.2)
    transitivePeerDependencies:
      - react-native-b4a

  bare-string-decoder@1.0.0(bare-buffer@3.6.0):
    dependencies:
      text-decoder: 1.2.7
    optionalDependencies:
      bare-buffer: 3.6.0
    transitivePeerDependencies:
      - react-native-b4a

  bare-structured-clone@1.5.5:
    dependencies:
      bare-buffer: 3.6.0
      bare-type: 1.1.0
      bare-url: 2.4.3
      compact-encoding: 3.1.0
    transitivePeerDependencies:
      - react-native-b4a

  bare-stylize@0.0.1(bare-abort-controller@1.1.2)(bare-buffer@3.6.0)(bare-events@2.8.3(bare-abort-controller@1.1.2)):
    dependencies:
      bare-ansi-escapes: 2.2.3(bare-abort-controller@1.1.2)(bare-buffer@3.6.0)(bare-events@2.8.3(bare-abort-controller@1.1.2))
      bare-process: 4.4.1(bare-abort-controller@1.1.2)(bare-buffer@3.6.0)
    transitivePeerDependencies:
      - bare-abort-controller
      - bare-buffer
      - bare-events
      - react-native-b4a

  bare-subprocess@6.0.0(bare-abort-controller@1.1.2)(bare-buffer@3.6.0):
    dependencies:
      bare-env: 3.0.0
      bare-events: 2.8.3(bare-abort-controller@1.1.2)
      bare-os: 3.9.1
      bare-pipe: 4.1.5(bare-abort-controller@1.1.2)(bare-buffer@3.6.0)
      bare-url: 2.4.3
    optionalDependencies:
      bare-buffer: 3.6.0
    transitivePeerDependencies:
      - bare-abort-controller
      - react-native-b4a

  bare-system-logger@1.0.3(bare-abort-controller@1.1.2)(bare-buffer@3.6.0)(bare-events@2.8.3(bare-abort-controller@1.1.2)):
    dependencies:
      bare-logger: 2.0.3(bare-abort-controller@1.1.2)(bare-buffer@3.6.0)(bare-events@2.8.3(bare-abort-controller@1.1.2))
    transitivePeerDependencies:
      - bare-abort-controller
      - bare-buffer
      - bare-events
      - react-native-b4a

  bare-tcp@2.2.13(bare-abort-controller@1.1.2)(bare-buffer@3.6.0):
    dependencies:
      bare-dns: 2.1.4
      bare-events: 2.8.3(bare-abort-controller@1.1.2)
      bare-stream: 2.13.1(bare-abort-controller@1.1.2)(bare-buffer@3.6.0)(bare-events@2.8.3(bare-abort-controller@1.1.2))
    transitivePeerDependencies:
      - bare-abort-controller
      - bare-buffer
      - react-native-b4a

  bare-thread@1.2.2(bare-buffer@3.6.0):
    dependencies:
      bare-bundle: 1.10.0(bare-buffer@3.6.0)(bare-url@2.4.3)
      bare-module-resolve: 1.12.2(bare-url@2.4.3)
      bare-module-traverse: 2.0.2(bare-buffer@3.6.0)(bare-url@2.4.3)
      bare-url: 2.4.3
    transitivePeerDependencies:
      - bare-buffer

  bare-timers@3.2.1(bare-abort-controller@1.1.2):
    optionalDependencies:
      bare-abort-controller: 1.1.2

  bare-tls@3.1.5(bare-abort-controller@1.1.2)(bare-buffer@3.6.0)(bare-events@2.8.3(bare-abort-controller@1.1.2)):
    dependencies:
      bare-net: 2.3.1(bare-abort-controller@1.1.2)(bare-buffer@3.6.0)
      bare-stream: 2.13.1(bare-abort-controller@1.1.2)(bare-buffer@3.6.0)(bare-events@2.8.3(bare-abort-controller@1.1.2))
    transitivePeerDependencies:
      - bare-abort-controller
      - bare-buffer
      - bare-events
      - react-native-b4a

  bare-tty@5.1.0(bare-abort-controller@1.1.2)(bare-buffer@3.6.0):
    dependencies:
      bare-events: 2.8.3(bare-abort-controller@1.1.2)
      bare-signals: 4.2.0(bare-abort-controller@1.1.2)
      bare-stream: 2.13.1(bare-abort-controller@1.1.2)(bare-buffer@3.6.0)(bare-events@2.8.3(bare-abort-controller@1.1.2))
    transitivePeerDependencies:
      - bare-abort-controller
      - bare-buffer
      - react-native-b4a

  bare-type@1.1.0: {}

  bare-url@2.4.3:
    dependencies:
      bare-path: 3.0.0

  bare-utils@1.6.0(bare-abort-controller@1.1.2)(bare-buffer@3.6.0)(bare-events@2.8.3(bare-abort-controller@1.1.2)):
    dependencies:
      bare-debug-log: 2.0.0
      bare-encoding: 1.0.3(bare-buffer@3.6.0)
      bare-format: 1.0.2(bare-abort-controller@1.1.2)(bare-buffer@3.6.0)(bare-events@2.8.3(bare-abort-controller@1.1.2))
      bare-inspect: 3.1.4(bare-abort-controller@1.1.2)(bare-buffer@3.6.0)(bare-events@2.8.3(bare-abort-controller@1.1.2))
      bare-stylize: 0.0.1(bare-abort-controller@1.1.2)(bare-buffer@3.6.0)(bare-events@2.8.3(bare-abort-controller@1.1.2))
      bare-type: 1.1.0
    transitivePeerDependencies:
      - bare-abort-controller
      - bare-buffer
      - bare-events
      - react-native-b4a

  bare-v8@1.0.1: {}

  bare-vm@1.0.1:
    dependencies:
      bare-realm: 2.0.1

  bare-worker@4.1.6(bare-abort-controller@1.1.2)(bare-buffer@3.6.0):
    dependencies:
      bare-channel: 5.2.3(bare-abort-controller@1.1.2)(bare-buffer@3.6.0)
      bare-events: 2.8.3(bare-abort-controller@1.1.2)
      bare-module: 6.2.0(bare-buffer@3.6.0)
      bare-thread: 1.2.2(bare-buffer@3.6.0)
    transitivePeerDependencies:
      - bare-abort-controller
      - bare-buffer
      - react-native-b4a

  bare-ws@3.0.0(bare-abort-controller@1.1.2)(bare-buffer@3.6.0)(bare-url@2.4.3):
    dependencies:
      bare-crypto: 1.13.7(bare-abort-controller@1.1.2)(bare-buffer@3.6.0)(bare-events@2.8.3(bare-abort-controller@1.1.2))
      bare-events: 2.8.3(bare-abort-controller@1.1.2)
      bare-http1: 4.5.6(bare-abort-controller@1.1.2)(bare-buffer@3.6.0)(bare-url@2.4.3)
      bare-https: 3.0.0(bare-abort-controller@1.1.2)(bare-buffer@3.6.0)(bare-events@2.8.3(bare-abort-controller@1.1.2))(bare-url@2.4.3)
      bare-stream: 2.13.1(bare-abort-controller@1.1.2)(bare-buffer@3.6.0)(bare-events@2.8.3(bare-abort-controller@1.1.2))
    optionalDependencies:
      bare-buffer: 3.6.0
      bare-url: 2.4.3
    transitivePeerDependencies:
      - bare-abort-controller
      - react-native-b4a

  bare-zlib@1.3.3(bare-abort-controller@1.1.2)(bare-buffer@3.6.0)(bare-events@2.8.3(bare-abort-controller@1.1.2)):
    dependencies:
      bare-stream: 2.13.1(bare-abort-controller@1.1.2)(bare-buffer@3.6.0)(bare-events@2.8.3(bare-abort-controller@1.1.2))
    transitivePeerDependencies:
      - bare-abort-controller
      - bare-buffer
      - bare-events
      - react-native-b4a

  bip39@3.1.0:
    dependencies:
      '@noble/hashes': 1.8.0

  compact-encoding@3.1.0:
    dependencies:
      b4a: 1.8.1
    transitivePeerDependencies:
      - react-native-b4a

  ethers@6.14.4:
    dependencies:
      '@adraffy/ens-normalize': 1.10.1
      '@noble/curves': 1.2.0
      '@noble/hashes': 1.3.2
      '@types/node': 22.7.5
      aes-js: 4.0.0-beta.5
      tslib: 2.7.0
      ws: 8.20.1
    transitivePeerDependencies:
      - bufferutil
      - utf-8-validate

  events-universal@1.0.1(bare-abort-controller@1.1.2):
    dependencies:
      bare-events: 2.8.3(bare-abort-controller@1.1.2)
    transitivePeerDependencies:
      - bare-abort-controller

  fast-fifo@1.3.2: {}

  punycode@2.3.1: {}

  require-addon@1.2.0(bare-url@2.4.3):
    dependencies:
      bare-addon-resolve: 1.10.0(bare-url@2.4.3)
    transitivePeerDependencies:
      - bare-url

  sodium-native@5.1.0(bare-abort-controller@1.1.2)(bare-buffer@3.6.0)(bare-events@2.8.3(bare-abort-controller@1.1.2))(bare-url@2.4.3):
    dependencies:
      bare-assert: 1.2.0(bare-abort-controller@1.1.2)(bare-buffer@3.6.0)(bare-events@2.8.3(bare-abort-controller@1.1.2))
      require-addon: 1.2.0(bare-url@2.4.3)
      which-runtime: 1.4.0
    transitivePeerDependencies:
      - bare-abort-controller
      - bare-buffer
      - bare-events
      - bare-url
      - react-native-b4a

  sodium-universal@5.0.1(bare-abort-controller@1.1.2)(bare-buffer@3.6.0)(bare-events@2.8.3(bare-abort-controller@1.1.2))(bare-url@2.4.3):
    dependencies:
      sodium-native: 5.1.0(bare-abort-controller@1.1.2)(bare-buffer@3.6.0)(bare-events@2.8.3(bare-abort-controller@1.1.2))(bare-url@2.4.3)
    transitivePeerDependencies:
      - bare-abort-controller
      - bare-buffer
      - bare-events
      - bare-url
      - react-native-b4a

  streamx@2.25.0(bare-abort-controller@1.1.2):
    dependencies:
      events-universal: 1.0.1(bare-abort-controller@1.1.2)
      fast-fifo: 1.3.2
      text-decoder: 1.2.7
    transitivePeerDependencies:
      - bare-abort-controller
      - react-native-b4a

  teex@1.0.1(bare-abort-controller@1.1.2):
    dependencies:
      streamx: 2.25.0(bare-abort-controller@1.1.2)
    transitivePeerDependencies:
      - bare-abort-controller
      - react-native-b4a

  text-decoder@1.2.7:
    dependencies:
      b4a: 1.8.1
    transitivePeerDependencies:
      - react-native-b4a

  tslib@2.7.0: {}

  udx-native@1.19.2(bare-abort-controller@1.1.2)(bare-url@2.4.3):
    dependencies:
      b4a: 1.8.1
      bare-events: 2.8.3(bare-abort-controller@1.1.2)
      require-addon: 1.2.0(bare-url@2.4.3)
      streamx: 2.25.0(bare-abort-controller@1.1.2)
    transitivePeerDependencies:
      - bare-abort-controller
      - bare-url
      - react-native-b4a

  undici-types@6.19.8: {}

  which-runtime@1.4.0: {}

  ws@8.20.1: {}
